
Microsoft Visual Studio Solution File, Format Version 12.00
# Visual Studio Version 17
VisualStudioVersion = 17.0.31903.59
MinimumVisualStudioVersion = 10.0.40219.1
Project("{2150E333-8FDC-42A3-9474-1A3956D46DE8}") = "Tuan04", "Tuan04", "{2FD8750F-38AE-48DF-896E-DCBB43F4DCDC}"
EndProject
Project("{FAE04EC0-301F-11D3-BF4B-00C04F79EFBC}") = "WF_FrmChao", "Tuan04\WF_FrmChao\WF_FrmChao.csproj", "{26582A45-A107-43D4-A291-21F8DD96BADA}"
EndProject
Project("{FAE04EC0-301F-11D3-BF4B-00C04F79EFBC}") = "WF_FrmTraiTim", "Tuan04\WF_FrmTraiTim\WF_FrmTraiTim.csproj", "{0898E7DC-2096-48BB-A0E4-F4DB60FFBCE5}"
EndProject
Project("{FAE04EC0-301F-11D3-BF4B-00C04F79EFBC}") = "WF_ThongTinCaNhan", "Tuan04\WF_ThongTinCaNhan\WF_ThongTinCaNhan.csproj", "{8780159E-41D9-47D8-8555-B75B605878D9}"
EndProject
Project("{FAE04EC0-301F-11D3-BF4B-00C04F79EFBC}") = "WF_ThucHienPhepTinh", "Tuan04\WF_ThucHienPhepTinh\WF_ThucHienPhepTinh.csproj", "{BB5023EB-5672-413D-8045-58A1C1DE47C4}"
EndProject
Project("{2150E333-8FDC-42A3-9474-1A3956D46DE8}") = "Sang6", "Sang6", "{E68CA31C-C704-4396-8DEA-1C4032B9AEBD}"
EndProject
Project("{FAE04EC0-301F-11D3-BF4B-00C04F79EFBC}") = "WF_FrmChao", "Tuan04\Sang6\WF_FrmChao\WF_FrmChao.csproj", "{59020960-37BD-4E5D-87E0-47D5B20E72F4}"
EndProject
Project("{2150E333-8FDC-42A3-9474-1A3956D46DE8}") = "Chieu6", "Chieu6", "{56CA05C1-2B06-48E6-BCC7-2C6C84E17688}"
EndProject
Project("{FAE04EC0-301F-11D3-BF4B-00C04F79EFBC}") = "WF_FrmChao", "Tuan04\Chieu6\WF_FrmChao\WF_FrmChao.csproj", "{6FF30709-8F78-4E73-8D39-DA3B28AA09C6}"
EndProject
Global
	GlobalSection(SolutionConfigurationPlatforms) = preSolution
		Debug|Any CPU = Debug|Any CPU
		Release|Any CPU = Release|Any CPU
	EndGlobalSection
	GlobalSection(SolutionProperties) = preSolution
		HideSolutionNode = FALSE
	EndGlobalSection
	GlobalSection(ProjectConfigurationPlatforms) = postSolution
		{26582A45-A107-43D4-A291-21F8DD96BADA}.Debug|Any CPU.ActiveCfg = Debug|Any CPU
		{26582A45-A107-43D4-A291-21F8DD96BADA}.Debug|Any CPU.Build.0 = Debug|Any CPU
		{26582A45-A107-43D4-A291-21F8DD96BADA}.Release|Any CPU.ActiveCfg = Release|Any CPU
		{26582A45-A107-43D4-A291-21F8DD96BADA}.Release|Any CPU.Build.0 = Release|Any CPU
		{0898E7DC-2096-48BB-A0E4-F4DB60FFBCE5}.Debug|Any CPU.ActiveCfg = Debug|Any CPU
		{0898E7DC-2096-48BB-A0E4-F4DB60FFBCE5}.Debug|Any CPU.Build.0 = Debug|Any CPU
		{0898E7DC-2096-48BB-A0E4-F4DB60FFBCE5}.Release|Any CPU.ActiveCfg = Release|Any CPU
		{0898E7DC-2096-48BB-A0E4-F4DB60FFBCE5}.Release|Any CPU.Build.0 = Release|Any CPU
		{8780159E-41D9-47D8-8555-B75B605878D9}.Debug|Any CPU.ActiveCfg = Debug|Any CPU
		{8780159E-41D9-47D8-8555-B75B605878D9}.Debug|Any CPU.Build.0 = Debug|Any CPU
		{8780159E-41D9-47D8-8555-B75B605878D9}.Release|Any CPU.ActiveCfg = Release|Any CPU
		{8780159E-41D9-47D8-8555-B75B605878D9}.Release|Any CPU.Build.0 = Release|Any CPU
		{BB5023EB-5672-413D-8045-58A1C1DE47C4}.Debug|Any CPU.ActiveCfg = Debug|Any CPU
		{BB5023EB-5672-413D-8045-58A1C1DE47C4}.Debug|Any CPU.Build.0 = Debug|Any CPU
		{BB5023EB-5672-413D-8045-58A1C1DE47C4}.Release|Any CPU.ActiveCfg = Release|Any CPU
		{BB5023EB-5672-413D-8045-58A1C1DE47C4}.Release|Any CPU.Build.0 = Release|Any CPU
		{59020960-37BD-4E5D-87E0-47D5B20E72F4}.Debug|Any CPU.ActiveCfg = Debug|Any CPU
		{59020960-37BD-4E5D-87E0-47D5B20E72F4}.Debug|Any CPU.Build.0 = Debug|Any CPU
		{59020960-37BD-4E5D-87E0-47D5B20E72F4}.Release|Any CPU.ActiveCfg = Release|Any CPU
		{59020960-37BD-4E5D-87E0-47D5B20E72F4}.Release|Any CPU.Build.0 = Release|Any CPU
		{6FF30709-8F78-4E73-8D39-DA3B28AA09C6}.Debug|Any CPU.ActiveCfg = Debug|Any CPU
		{6FF30709-8F78-4E73-8D39-DA3B28AA09C6}.Debug|Any CPU.Build.0 = Debug|Any CPU
		{6FF30709-8F78-4E73-8D39-DA3B28AA09C6}.Release|Any CPU.ActiveCfg = Release|Any CPU
		{6FF30709-8F78-4E73-8D39-DA3B28AA09C6}.Release|Any CPU.Build.0 = Release|Any CPU
	EndGlobalSection
	GlobalSection(NestedProjects) = preSolution
		{26582A45-A107-43D4-A291-21F8DD96BADA} = {2FD8750F-38AE-48DF-896E-DCBB43F4DCDC}
		{0898E7DC-2096-48BB-A0E4-F4DB60FFBCE5} = {2FD8750F-38AE-48DF-896E-DCBB43F4DCDC}
		{8780159E-41D9-47D8-8555-B75B605878D9} = {2FD8750F-38AE-48DF-896E-DCBB43F4DCDC}
		{BB5023EB-5672-413D-8045-58A1C1DE47C4} = {2FD8750F-38AE-48DF-896E-DCBB43F4DCDC}
		{E68CA31C-C704-4396-8DEA-1C4032B9AEBD} = {2FD8750F-38AE-48DF-896E-DCBB43F4DCDC}
		{59020960-37BD-4E5D-87E0-47D5B20E72F4} = {E68CA31C-C704-4396-8DEA-1C4032B9AEBD}
		{56CA05C1-2B06-48E6-BCC7-2C6C84E17688} = {2FD8750F-38AE-48DF-896E-DCBB43F4DCDC}
		{6FF30709-8F78-4E73-8D39-DA3B28AA09C6} = {56CA05C1-2B06-48E6-BCC7-2C6C84E17688}
	EndGlobalSection
EndGlobal
